
Microsoft Visual Studio Solution File, Format Version 12.00
# Visual Studio Version 17
VisualStudioVersion = 17.2.32630.192
MinimumVisualStudioVersion = 10.0.40219.1
Project("{FAE04EC0-301F-11D3-BF4B-00C04F79EFBC}") = "test", "test\test.csproj", "{C3CA5ECF-9CC9-4246-A790-76F2EE83982A}"
EndProject
Project("{FAE04EC0-301F-11D3-BF4B-00C04F79EFBC}") = "test2", "test2\test2.csproj", "{778FB530-7DA1-4334-B666-A925B1D84BB2}"
EndProject
Project("{FAE04EC0-301F-11D3-BF4B-00C04F79EFBC}") = "test3", "test3\test3.csproj", "{5B719B33-8C80-4F23-B6E9-243619874872}"
EndProject
Project("{FAE04EC0-301F-11D3-BF4B-00C04F79EFBC}") = "arrayString", "arrayString\arrayString.csproj", "{E53A5428-67D5-4E5F-9EC1-12D098E8AB12}"
EndProject
Project("{FAE04EC0-301F-11D3-BF4B-00C04F79EFBC}") = "arraymethod", "arraymethod\arraymethod.csproj", "{CBE41E7B-9ADA-4C79-B81A-0A55A1B4AA3B}"
EndProject
Global
	GlobalSection(SolutionConfigurationPlatforms) = preSolution
		Debug|Any CPU = Debug|Any CPU
		Release|Any CPU = Release|Any CPU
	EndGlobalSection
	GlobalSection(ProjectConfigurationPlatforms) = postSolution
		{C3CA5ECF-9CC9-4246-A790-76F2EE83982A}.Debug|Any CPU.ActiveCfg = Debug|Any CPU
		{C3CA5ECF-9CC9-4246-A790-76F2EE83982A}.Debug|Any CPU.Build.0 = Debug|Any CPU
		{C3CA5ECF-9CC9-4246-A790-76F2EE83982A}.Release|Any CPU.ActiveCfg = Release|Any CPU
		{C3CA5ECF-9CC9-4246-A790-76F2EE83982A}.Release|Any CPU.Build.0 = Release|Any CPU
		{778FB530-7DA1-4334-B666-A925B1D84BB2}.Debug|Any CPU.ActiveCfg = Debug|Any CPU
		{778FB530-7DA1-4334-B666-A925B1D84BB2}.Debug|Any CPU.Build.0 = Debug|Any CPU
		{778FB530-7DA1-4334-B666-A925B1D84BB2}.Release|Any CPU.ActiveCfg = Release|Any CPU
		{778FB530-7DA1-4334-B666-A925B1D84BB2}.Release|Any CPU.Build.0 = Release|Any CPU
		{5B719B33-8C80-4F23-B6E9-243619874872}.Debug|Any CPU.ActiveCfg = Debug|Any CPU
		{5B719B33-8C80-4F23-B6E9-243619874872}.Debug|Any CPU.Build.0 = Debug|Any CPU
		{5B719B33-8C80-4F23-B6E9-243619874872}.Release|Any CPU.ActiveCfg = Release|Any CPU
		{5B719B33-8C80-4F23-B6E9-243619874872}.Release|Any CPU.Build.0 = Release|Any CPU
		{E53A5428-67D5-4E5F-9EC1-12D098E8AB12}.Debug|Any CPU.ActiveCfg = Debug|Any CPU
		{E53A5428-67D5-4E5F-9EC1-12D098E8AB12}.Debug|Any CPU.Build.0 = Debug|Any CPU
		{E53A5428-67D5-4E5F-9EC1-12D098E8AB12}.Release|Any CPU.ActiveCfg = Release|Any CPU
		{E53A5428-67D5-4E5F-9EC1-12D098E8AB12}.Release|Any CPU.Build.0 = Release|Any CPU
		{CBE41E7B-9ADA-4C79-B81A-0A55A1B4AA3B}.Debug|Any CPU.ActiveCfg = Debug|Any CPU
		{CBE41E7B-9ADA-4C79-B81A-0A55A1B4AA3B}.Debug|Any CPU.Build.0 = Debug|Any CPU
		{CBE41E7B-9ADA-4C79-B81A-0A55A1B4AA3B}.Release|Any CPU.ActiveCfg = Release|Any CPU
		{CBE41E7B-9ADA-4C79-B81A-0A55A1B4AA3B}.Release|Any CPU.Build.0 = Release|Any CPU
	EndGlobalSection
	GlobalSection(SolutionProperties) = preSolution
		HideSolutionNode = FALSE
	EndGlobalSection
	GlobalSection(ExtensibilityGlobals) = postSolution
		SolutionGuid = {99C02864-EE96-433B-906A-868AEFD3C305}
	EndGlobalSection
EndGlobal
