
Microsoft Visual Studio Solution File, Format Version 12.00
# Visual Studio Version 17
VisualStudioVersion = 17.2.32630.192
MinimumVisualStudioVersion = 10.0.40219.1
Project("{FAE04EC0-301F-11D3-BF4B-00C04F79EFBC}") = "test", "test\test.csproj", "{C3CA5ECF-9CC9-4246-A790-76F2EE83982A}"
EndProject
Project("{FAE04EC0-301F-11D3-BF4B-00C04F79EFBC}") = "test2", "test2\test2.csproj", "{778FB530-7DA1-4334-B666-A925B1D84BB2}"
EndProject
Global
	GlobalSection(SolutionConfigurationPlatforms) = preSolution
		Debug|Any CPU = Debug|Any CPU
		Release|Any CPU = Release|Any CPU
	EndGlobalSection
	GlobalSection(ProjectConfigurationPlatforms) = postSolution
		{C3CA5ECF-9CC9-4246-A790-76F2EE83982A}.Debug|Any CPU.ActiveCfg = Debug|Any CPU
		{C3CA5ECF-9CC9-4246-A790-76F2EE83982A}.Debug|Any CPU.Build.0 = Debug|Any CPU
		{C3CA5ECF-9CC9-4246-A790-76F2EE83982A}.Release|Any CPU.ActiveCfg = Release|Any CPU
		{C3CA5ECF-9CC9-4246-A790-76F2EE83982A}.Release|Any CPU.Build.0 = Release|Any CPU
		{778FB530-7DA1-4334-B666-A925B1D84BB2}.Debug|Any CPU.ActiveCfg = Debug|Any CPU
		{778FB530-7DA1-4334-B666-A925B1D84BB2}.Debug|Any CPU.Build.0 = Debug|Any CPU
		{778FB530-7DA1-4334-B666-A925B1D84BB2}.Release|Any CPU.ActiveCfg = Release|Any CPU
		{778FB530-7DA1-4334-B666-A925B1D84BB2}.Release|Any CPU.Build.0 = Release|Any CPU
	EndGlobalSection
	GlobalSection(SolutionProperties) = preSolution
		HideSolutionNode = FALSE
	EndGlobalSection
	GlobalSection(ExtensibilityGlobals) = postSolution
		SolutionGuid = {99C02864-EE96-433B-906A-868AEFD3C305}
	EndGlobalSection
EndGlobal
