
Microsoft Visual Studio Solution File, Format Version 12.00
# Visual Studio Version 17
VisualStudioVersion = 17.2.32630.192
MinimumVisualStudioVersion = 10.0.40219.1
Project("{FAE04EC0-301F-11D3-BF4B-00C04F79EFBC}") = "GameWithCost", "GameWithCost\GameWithCost.csproj", "{02EA0BE3-ACA5-4EC9-B77B-53AA13D22541}"
EndProject
Project("{FAE04EC0-301F-11D3-BF4B-00C04F79EFBC}") = "starpat", "..\starpat\starpat.csproj", "{B0141400-4125-4B91-B5CC-D8BFAF5B0CBB}"
EndProject
Global
	GlobalSection(SolutionConfigurationPlatforms) = preSolution
		Debug|Any CPU = Debug|Any CPU
		Release|Any CPU = Release|Any CPU
	EndGlobalSection
	GlobalSection(ProjectConfigurationPlatforms) = postSolution
		{02EA0BE3-ACA5-4EC9-B77B-53AA13D22541}.Debug|Any CPU.ActiveCfg = Debug|Any CPU
		{02EA0BE3-ACA5-4EC9-B77B-53AA13D22541}.Debug|Any CPU.Build.0 = Debug|Any CPU
		{02EA0BE3-ACA5-4EC9-B77B-53AA13D22541}.Release|Any CPU.ActiveCfg = Release|Any CPU
		{02EA0BE3-ACA5-4EC9-B77B-53AA13D22541}.Release|Any CPU.Build.0 = Release|Any CPU
		{B0141400-4125-4B91-B5CC-D8BFAF5B0CBB}.Debug|Any CPU.ActiveCfg = Debug|Any CPU
		{B0141400-4125-4B91-B5CC-D8BFAF5B0CBB}.Debug|Any CPU.Build.0 = Debug|Any CPU
		{B0141400-4125-4B91-B5CC-D8BFAF5B0CBB}.Release|Any CPU.ActiveCfg = Release|Any CPU
		{B0141400-4125-4B91-B5CC-D8BFAF5B0CBB}.Release|Any CPU.Build.0 = Release|Any CPU
	EndGlobalSection
	GlobalSection(SolutionProperties) = preSolution
		HideSolutionNode = FALSE
	EndGlobalSection
	GlobalSection(ExtensibilityGlobals) = postSolution
		SolutionGuid = {637A5795-F00D-4409-B993-0431C1A93EA7}
	EndGlobalSection
EndGlobal
