
Microsoft Visual Studio Solution File, Format Version 12.00
# Visual Studio Version 17
VisualStudioVersion = 17.2.32630.192
MinimumVisualStudioVersion = 10.0.40219.1
Project("{FAE04EC0-301F-11D3-BF4B-00C04F79EFBC}") = "InheriTance", "InheriTance\InheriTance.csproj", "{AC6925E6-7837-47A6-8EE1-9598EEFFEFA5}"
EndProject
Global
	GlobalSection(SolutionConfigurationPlatforms) = preSolution
		Debug|Any CPU = Debug|Any CPU
		Release|Any CPU = Release|Any CPU
	EndGlobalSection
	GlobalSection(ProjectConfigurationPlatforms) = postSolution
		{AC6925E6-7837-47A6-8EE1-9598EEFFEFA5}.Debug|Any CPU.ActiveCfg = Debug|Any CPU
		{AC6925E6-7837-47A6-8EE1-9598EEFFEFA5}.Debug|Any CPU.Build.0 = Debug|Any CPU
		{AC6925E6-7837-47A6-8EE1-9598EEFFEFA5}.Release|Any CPU.ActiveCfg = Release|Any CPU
		{AC6925E6-7837-47A6-8EE1-9598EEFFEFA5}.Release|Any CPU.Build.0 = Release|Any CPU
	EndGlobalSection
	GlobalSection(SolutionProperties) = preSolution
		HideSolutionNode = FALSE
	EndGlobalSection
	GlobalSection(ExtensibilityGlobals) = postSolution
		SolutionGuid = {F87324D1-3A48-4D2E-A43E-A7CFE992B921}
	EndGlobalSection
EndGlobal
