
Microsoft Visual Studio Solution File, Format Version 12.00
# Visual Studio Version 17
VisualStudioVersion = 17.2.32630.192
MinimumVisualStudioVersion = 10.0.40219.1
Project("{FAE04EC0-301F-11D3-BF4B-00C04F79EFBC}") = "callByValueAndRef", "callByValueAndRef\callByValueAndRef.csproj", "{961F9402-62D7-48B4-B390-32166D67F2A6}"
EndProject
Global
	GlobalSection(SolutionConfigurationPlatforms) = preSolution
		Debug|Any CPU = Debug|Any CPU
		Release|Any CPU = Release|Any CPU
	EndGlobalSection
	GlobalSection(ProjectConfigurationPlatforms) = postSolution
		{961F9402-62D7-48B4-B390-32166D67F2A6}.Debug|Any CPU.ActiveCfg = Debug|Any CPU
		{961F9402-62D7-48B4-B390-32166D67F2A6}.Debug|Any CPU.Build.0 = Debug|Any CPU
		{961F9402-62D7-48B4-B390-32166D67F2A6}.Release|Any CPU.ActiveCfg = Release|Any CPU
		{961F9402-62D7-48B4-B390-32166D67F2A6}.Release|Any CPU.Build.0 = Release|Any CPU
	EndGlobalSection
	GlobalSection(SolutionProperties) = preSolution
		HideSolutionNode = FALSE
	EndGlobalSection
	GlobalSection(ExtensibilityGlobals) = postSolution
		SolutionGuid = {73F9C0CB-97E8-402E-A845-4CFB0B49021A}
	EndGlobalSection
EndGlobal
